{
  "name": "swirepay-ionic-sdk",
  "version": "1.0.0",
  "lockfileVersion": 1,
  "requires": true,
  "dependencies": {
    "@babel/runtime": {
      "version": "7.17.0",
      "resolved": "https://registry.npmjs.org/@babel/runtime/-/runtime-7.17.0.tgz",
      "integrity": "sha512-etcO/ohMNaNA2UBdaXBBSX/3aEzFMRrVfaPv8Ptc0k+cWpWW0QFiGZ2XnVqQZI1Cf734LbPGmqBKWESfW4x/dQ==",
      "requires": {
        "regenerator-runtime": "^0.13.4"
      }
    },
    "@ionic/core": {
      "version": "6.0.5",
      "resolved": "https://registry.npmjs.org/@ionic/core/-/core-6.0.5.tgz",
      "integrity": "sha512-qCGBihMoIpvSAn3rmZ0imWWfpu02Ulbysq4O4JIB3xTwH3MUCPaMILOVq5e++lp3zessXzNLu8OKTOHarOZSzw==",
      "requires": {
        "@stencil/core": "~2.12.0",
        "ionicons": "^6.0.0",
        "tslib": "^2.1.0"
      }
    },
    "@ionic/react": {
      "version": "6.0.5",
      "resolved": "https://registry.npmjs.org/@ionic/react/-/react-6.0.5.tgz",
      "integrity": "sha512-ALKcu7pLbfKZcNySbYsNxcDNtAzqCc2B5i/36XbS77jcabWgcCBbQfdSimluVzWxV4ogiphT6iib9rgnnTuH0g==",
      "requires": {
        "@ionic/core": "^6.0.5",
        "ionicons": "^6.0.0",
        "tslib": "*"
      }
    },
    "@stencil/core": {
      "version": "2.12.1",
      "resolved": "https://registry.npmjs.org/@stencil/core/-/core-2.12.1.tgz",
      "integrity": "sha512-u24TZ+FEvjnZt5ZgIkLjLpUNsO6Ml3mUZqwmqk81w6RWWz75hgB5p4RFI5rvuErFeh2xvMIGo+pNdG24XUBz1A=="
    },
    "axios": {
      "version": "0.25.0",
      "resolved": "https://registry.npmjs.org/axios/-/axios-0.25.0.tgz",
      "integrity": "sha512-cD8FOb0tRH3uuEe6+evtAbgJtfxr7ly3fQjYcMcuPlgkwVS9xboaVIpcDV+cYQe+yGykgwZCs1pzjntcGa6l5g==",
      "requires": {
        "follow-redirects": "^1.14.7"
      }
    },
    "follow-redirects": {
      "version": "1.14.7",
      "resolved": "https://registry.npmjs.org/follow-redirects/-/follow-redirects-1.14.7.tgz",
      "integrity": "sha512-+hbxoLbFMbRKDwohX8GkTataGqO6Jb7jGwpAlwgy2bIz25XtRm7KEzJM76R1WiNT5SwZkX4Y75SwBolkpmE7iQ=="
    },
    "history": {
      "version": "5.2.0",
      "resolved": "https://registry.npmjs.org/history/-/history-5.2.0.tgz",
      "integrity": "sha512-uPSF6lAJb3nSePJ43hN3eKj1dTWpN9gMod0ZssbFTIsen+WehTmEadgL+kg78xLJFdRfrrC//SavDzmRVdE+Ig==",
      "requires": {
        "@babel/runtime": "^7.7.6"
      }
    },
    "ionicons": {
      "version": "6.0.1",
      "resolved": "https://registry.npmjs.org/ionicons/-/ionicons-6.0.1.tgz",
      "integrity": "sha512-xQekOJsxH82O7oB+3F60zeRggCdND9pJ/k0E6IJDVUGGlCj5mlyFqNgxUimytKgstPGv3S+3EmCxjefvtGgWUg==",
      "requires": {
        "@stencil/core": "~2.12.0"
      }
    },
    "js-tokens": {
      "version": "4.0.0",
      "resolved": "https://registry.npmjs.org/js-tokens/-/js-tokens-4.0.0.tgz",
      "integrity": "sha512-RdJUflcE3cUzKiMqQgsCu06FPu9UdIJO0beYbPhHN4k6apgJtifcoCtT9bcxOpYBtpD2kCM6Sbzg4CausW/PKQ=="
    },
    "loose-envify": {
      "version": "1.4.0",
      "resolved": "https://registry.npmjs.org/loose-envify/-/loose-envify-1.4.0.tgz",
      "integrity": "sha512-lyuxPGr/Wfhrlem2CL/UcnUc1zcqKAImBDzukY7Y5F/yQiNdko6+fRLevlw1HgMySw7f611UIY408EtxRSoK3Q==",
      "requires": {
        "js-tokens": "^3.0.0 || ^4.0.0"
      }
    },
    "object-assign": {
      "version": "4.1.1",
      "resolved": "https://registry.npmjs.org/object-assign/-/object-assign-4.1.1.tgz",
      "integrity": "sha1-IQmtx5ZYh8/AXLvUQsrIv7s2CGM="
    },
    "react": {
      "version": "17.0.2",
      "resolved": "https://registry.npmjs.org/react/-/react-17.0.2.tgz",
      "integrity": "sha512-gnhPt75i/dq/z3/6q/0asP78D0u592D5L1pd7M8P+dck6Fu/jJeL6iVVK23fptSUZj8Vjf++7wXA8UNclGQcbA==",
      "requires": {
        "loose-envify": "^1.1.0",
        "object-assign": "^4.1.1"
      }
    },
    "react-router": {
      "version": "6.2.1",
      "resolved": "https://registry.npmjs.org/react-router/-/react-router-6.2.1.tgz",
      "integrity": "sha512-2fG0udBtxou9lXtK97eJeET2ki5//UWfQSl1rlJ7quwe6jrktK9FCCc8dQb5QY6jAv3jua8bBQRhhDOM/kVRsg==",
      "requires": {
        "history": "^5.2.0"
      }
    },
    "react-router-dom": {
      "version": "6.2.1",
      "resolved": "https://registry.npmjs.org/react-router-dom/-/react-router-dom-6.2.1.tgz",
      "integrity": "sha512-I6Zax+/TH/cZMDpj3/4Fl2eaNdcvoxxHoH1tYOREsQ22OKDYofGebrNm6CTPUcvLvZm63NL/vzCYdjf9CUhqmA==",
      "requires": {
        "history": "^5.2.0",
        "react-router": "6.2.1"
      }
    },
    "regenerator-runtime": {
      "version": "0.13.9",
      "resolved": "https://registry.npmjs.org/regenerator-runtime/-/regenerator-runtime-0.13.9.tgz",
      "integrity": "sha512-p3VT+cOEgxFsRRA9X4lkI1E+k2/CtnKtU4gcxyaCUreilL/vqI6CdZ3wxVUx3UOUg+gnUOQQcRI7BmSI656MYA=="
    },
    "tslib": {
      "version": "2.3.1",
      "resolved": "https://registry.npmjs.org/tslib/-/tslib-2.3.1.tgz",
      "integrity": "sha512-77EbyPPpMz+FRFRuAFlWMtmgUWGe9UOG2Z25NqCwiIjRhOf5iKGuzSe5P2w1laq+FkRy4p+PCuVkJSGkzTEKVw=="
    }
  }
}
